// !$*UTF8*$!
{
	archiveVersion = 1;
	classes = {
	};
	objectVersion = 46;
	objects = {

/* Begin PBXBuildFile section */
		C4B837691C3378EE00646797 /* AppDelegate.swift in Sources */ = {isa = PBXBuildFile; fileRef = C4B837681C3378EE00646797 /* AppDelegate.swift */; };
		C4B8376B1C3378EE00646797 /* ViewController.swift in Sources */ = {isa = PBXBuildFile; fileRef = C4B8376A1C3378EE00646797 /* ViewController.swift */; };
		C4B8376E1C3378EE00646797 /* Main.storyboard in Resources */ = {isa = PBXBuildFile; fileRef = C4B8376C1C3378EE00646797 /* Main.storyboard */; };
		C4B837701C3378EE00646797 /* Assets.xcassets in Resources */ = {isa = PBXBuildFile; fileRef = C4B8376F1C3378EE00646797 /* Assets.xcassets */; };
		C4B837731C3378EE00646797 /* LaunchScreen.storyboard in Resources */ = {isa = PBXBuildFile; fileRef = C4B837711C3378EE00646797 /* LaunchScreen.storyboard */; };
		C4B8377E1C3378EE00646797 /* TipperTests.swift in Sources */ = {isa = PBXBuildFile; fileRef = C4B8377D1C3378EE00646797 /* TipperTests.swift */; };
		C4B837891C3378EE00646797 /* TipperUITests.swift in Sources */ = {isa = PBXBuildFile; fileRef = C4B837881C3378EE00646797 /* TipperUITests.swift */; };
/* End PBXBuildFile section */

/* Begin PBXContainerItemProxy section */
		C4B8377A1C3378EE00646797 /* PBXContainerItemProxy */ = {
			isa = PBXContainerItemProxy;
			containerPortal = C4B8375D1C3378EE00646797 /* Project object */;
			proxyType = 1;
			remoteGlobalIDString = C4B837641C3378EE00646797;
			remoteInfo = Tipper;
		};
		C4B837851C3378EE00646797 /* PBXContainerItemProxy */ = {
			isa = PBXContainerItemProxy;
			containerPortal = C4B8375D1C3378EE00646797 /* Project object */;
			proxyType = 1;
			remoteGlobalIDString = C4B837641C3378EE00646797;
			remoteInfo = Tipper;
		};
/* End PBXContainerItemProxy section */

/* Begin PBXFileReference section */
		C4B837651C3378EE00646797 /* Tipper.app */ = {isa = PBXFileReference; explicitFileType = wrapper.application; includeInIndex = 0; path = Tipper.app; sourceTree = BUILT_PRODUCTS_DIR; };
		C4B837681C3378EE00646797 /* AppDelegate.swift */ = {isa = PBXFileReference; lastKnownFileType = sourcecode.swift; path = AppDelegate.swift; sourceTree = "<group>"; };
		C4B8376A1C3378EE00646797 /* ViewController.swift */ = {isa = PBXFileReference; lastKnownFileType = sourcecode.swift; path = ViewController.swift; sourceTree = "<group>"; };
		C4B8376D1C3378EE00646797 /* Base */ = {isa = PBXFileReference; lastKnownFileType = file.storyboard; name = Base; path = Base.lproj/Main.storyboard; sourceTree = "<group>"; };
		C4B8376F1C3378EE00646797 /* Assets.xcassets */ = {isa = PBXFileReference; lastKnownFileType = folder.assetcatalog; path = Assets.xcassets; sourceTree = "<group>"; };
		C4B837721C3378EE00646797 /* Base */ = {isa = PBXFileReference; lastKnownFileType = file.storyboard; name = Base; path = Base.lproj/LaunchScreen.storyboard; sourceTree = "<group>"; };
		C4B837741C3378EE00646797 /* Info.plist */ = {isa = PBXFileReference; lastKnownFileType = text.plist.xml; path = Info.plist; sourceTree = "<group>"; };
		C4B837791C3378EE00646797 /* TipperTests.xctest */ = {isa = PBXFileReference; explicitFileType = wrapper.cfbundle; includeInIndex = 0; path = TipperTests.xctest; sourceTree = BUILT_PRODUCTS_DIR; };
		C4B8377D1C3378EE00646797 /* TipperTests.swift */ = {isa = PBXFileReference; lastKnownFileType = sourcecode.swift; path = TipperTests.swift; sourceTree = "<group>"; };
		C4B8377F1C3378EE00646797 /* Info.plist */ = {isa = PBXFileReference; lastKnownFileType = text.plist.xml; path = Info.plist; sourceTree = "<group>"; };
		C4B837841C3378EE00646797 /* TipperUITests.xctest */ = {isa = PBXFileReference; explicitFileType = wrapper.cfbundle; includeInIndex = 0; path = TipperUITests.xctest; sourceTree = BUILT_PRODUCTS_DIR; };
		C4B837881C3378EE00646797 /* TipperUITests.swift */ = {isa = PBXFileReference; lastKnownFileType = sourcecode.swift; path = TipperUITests.swift; sourceTree = "<group>"; };
		C4B8378A1C3378EE00646797 /* Info.plist */ = {isa = PBXFileReference; lastKnownFileType = text.plist.xml; path = Info.plist; sourceTree = "<group>"; };
/* End PBXFileReference section */

/* Begin PBXFrameworksBuildPhase section */
		C4B837621C3378EE00646797 /* Frameworks */ = {
			isa = PBXFrameworksBuildPhase;
			buildActionMask = 2147483647;
			files = (
			);
			runOnlyForDeploymentPostprocessing = 0;
		};
		C4B837761C3378EE00646797 /* Frameworks */ = {
			isa = PBXFrameworksBuildPhase;
			buildActionMask = 2147483647;
			files = (
			);
			runOnlyForDeploymentPostprocessing = 0;
		};
		C4B837811C3378EE00646797 /* Frameworks */ = {
			isa = PBXFrameworksBuildPhase;
			buildActionMask = 2147483647;
			files = (
			);
			runOnlyForDeploymentPostprocessing = 0;
		};
/* End PBXFrameworksBuildPhase section */

/* Begin PBXGroup section */
		C4B8375C1C3378EE00646797 = {
			isa = PBXGroup;
			children = (
				C4B837671C3378EE00646797 /* Tipper */,
				C4B8377C1C3378EE00646797 /* TipperTests */,
				C4B837871C3378EE00646797 /* TipperUITests */,
				C4B837661C3378EE00646797 /* Products */,
			);
			sourceTree = "<group>";
		};
		C4B837661C3378EE00646797 /* Products */ = {
			isa = PBXGroup;
			children = (
				C4B837651C3378EE00646797 /* Tipper.app */,
				C4B837791C3378EE00646797 /* TipperTests.xctest */,
				C4B837841C3378EE00646797 /* TipperUITests.xctest */,
			);
			name = Products;
			sourceTree = "<group>";
		};
		C4B837671C3378EE00646797 /* Tipper */ = {
			isa = PBXGroup;
			children = (
				C4B837681C3378EE00646797 /* AppDelegate.swift */,
				C4B8376A1C3378EE00646797 /* ViewController.swift */,
				C4B8376C1C3378EE00646797 /* Main.storyboard */,
				C4B8376F1C3378EE00646797 /* Assets.xcassets */,
				C4B837711C3378EE00646797 /* LaunchScreen.storyboard */,
				C4B837741C3378EE00646797 /* Info.plist */,
			);
			path = Tipper;
			sourceTree = "<group>";
		};
		C4B8377C1C3378EE00646797 /* TipperTests */ = {
			isa = PBXGroup;
			children = (
				C4B8377D1C3378EE00646797 /* TipperTests.swift */,
				C4B8377F1C3378EE00646797 /* Info.plist */,
			);
			path = TipperTests;
			sourceTree = "<group>";
		};
		C4B837871C3378EE00646797 /* TipperUITests */ = {
			isa = PBXGroup;
			children = (
				C4B837881C3378EE00646797 /* TipperUITests.swift */,
				C4B8378A1C3378EE00646797 /* Info.plist */,
			);
			path = TipperUITests;
			sourceTree = "<group>";
		};
/* End PBXGroup section */

/* Begin PBXNativeTarget section */
		C4B837641C3378EE00646797 /* Tipper */ = {
			isa = PBXNativeTarget;
			buildConfigurationList = C4B8378D1C3378EE00646797 /* Build configuration list for PBXNativeTarget "Tipper" */;
			buildPhases = (
				C4B837611C3378EE00646797 /* Sources */,
				C4B837621C3378EE00646797 /* Frameworks */,
				C4B837631C3378EE00646797 /* Resources */,
			);
			buildRules = (
			);
			dependencies = (
			);
			name = Tipper;
			productName = Tipper;
			productReference = C4B837651C3378EE00646797 /* Tipper.app */;
			productType = "com.apple.product-type.application";
		};
		C4B837781C3378EE00646797 /* TipperTests */ = {
			isa = PBXNativeTarget;
			buildConfigurationList = C4B837901C3378EE00646797 /* Build configuration list for PBXNativeTarget "TipperTests" */;
			buildPhases = (
				C4B837751C3378EE00646797 /* Sources */,
				C4B837761C3378EE00646797 /* Frameworks */,
				C4B837771C3378EE00646797 /* Resources */,
			);
			buildRules = (
			);
			dependencies = (
				C4B8377B1C3378EE00646797 /* PBXTargetDependency */,
			);
			name = TipperTests;
			productName = TipperTests;
			productReference = C4B837791C3378EE00646797 /* TipperTests.xctest */;
			productType = "com.apple.product-type.bundle.unit-test";
		};
		C4B837831C3378EE00646797 /* TipperUITests */ = {
			isa = PBXNativeTarget;
			buildConfigurationList = C4B837931C3378EE00646797 /* Build configuration list for PBXNativeTarget "TipperUITests" */;
			buildPhases = (
				C4B837801C3378EE00646797 /* Sources */,
				C4B837811C3378EE00646797 /* Frameworks */,
				C4B837821C3378EE00646797 /* Resources */,
			);
			buildRules = (
			);
			dependencies = (
				C4B837861C3378EE00646797 /* PBXTargetDependency */,
			);
			name = TipperUITests;
			productName = TipperUITests;
			productReference = C4B837841C3378EE00646797 /* TipperUITests.xctest */;
			productType = "com.apple.product-type.bundle.ui-testing";
		};
/* End PBXNativeTarget section */

/* Begin PBXProject section */
		C4B8375D1C3378EE00646797 /* Project object */ = {
			isa = PBXProject;
			attributes = {
				LastSwiftUpdateCheck = 0720;
				LastUpgradeCheck = 0720;
				ORGANIZATIONNAME = CodePath;
				TargetAttributes = {
					C4B837641C3378EE00646797 = {
						CreatedOnToolsVersion = 7.2;
					};
					C4B837781C3378EE00646797 = {
						CreatedOnToolsVersion = 7.2;
						TestTargetID = C4B837641C3378EE00646797;
					};
					C4B837831C3378EE00646797 = {
						CreatedOnToolsVersion = 7.2;
						TestTargetID = C4B837641C3378EE00646797;
					};
				};
			};
			buildConfigurationList = C4B837601C3378EE00646797 /* Build configuration list for PBXProject "Tipper" */;
			compatibilityVersion = "Xcode 3.2";
			developmentRegion = English;
			hasScannedForEncodings = 0;
			knownRegions = (
				en,
				Base,
			);
			mainGroup = C4B8375C1C3378EE00646797;
			productRefGroup = C4B837661C3378EE00646797 /* Products */;
			projectDirPath = "";
			projectRoot = "";
			targets = (
				C4B837641C3378EE00646797 /* Tipper */,
				C4B837781C3378EE00646797 /* TipperTests */,
				C4B837831C3378EE00646797 /* TipperUITests */,
			);
		};
/* End PBXProject section */

/* Begin PBXResourcesBuildPhase section */
		C4B837631C3378EE00646797 /* Resources */ = {
			isa = PBXResourcesBuildPhase;
			buildActionMask = 2147483647;
			files = (
				C4B837731C3378EE00646797 /* LaunchScreen.storyboard in Resources */,
				C4B837701C3378EE00646797 /* Assets.xcassets in Resources */,
				C4B8376E1C3378EE00646797 /* Main.storyboard in Resources */,
			);
			runOnlyForDeploymentPostprocessing = 0;
		};
		C4B837771C3378EE00646797 /* Resources */ = {
			isa = PBXResourcesBuildPhase;
			buildActionMask = 2147483647;
			files = (
			);
			runOnlyForDeploymentPostprocessing = 0;
		};
		C4B837821C3378EE00646797 /* Resources */ = {
			isa = PBXResourcesBuildPhase;
			buildActionMask = 2147483647;
			files = (
			);
			runOnlyForDeploymentPostprocessing = 0;
		};
/* End PBXResourcesBuildPhase section */

/* Begin PBXSourcesBuildPhase section */
		C4B837611C3378EE00646797 /* Sources */ = {
			isa = PBXSourcesBuildPhase;
			buildActionMask = 2147483647;
			files = (
				C4B8376B1C3378EE00646797 /* ViewController.swift in Sources */,
				C4B837691C3378EE00646797 /* AppDelegate.swift in Sources */,
			);
			runOnlyForDeploymentPostprocessing = 0;
		};
		C4B837751C3378EE00646797 /* Sources */ = {
			isa = PBXSourcesBuildPhase;
			buildActionMask = 2147483647;
			files = (
				C4B8377E1C3378EE00646797 /* TipperTests.swift in Sources */,
			);
			runOnlyForDeploymentPostprocessing = 0;
		};
		C4B837801C3378EE00646797 /* Sources */ = {
			isa = PBXSourcesBuildPhase;
			buildActionMask = 2147483647;
			files = (
				C4B837891C3378EE00646797 /* TipperUITests.swift in Sources */,
			);
			runOnlyForDeploymentPostprocessing = 0;
		};
/* End PBXSourcesBuildPhase section */

/* Begin PBXTargetDependency section */
		C4B8377B1C3378EE00646797 /* PBXTargetDependency */ = {
			isa = PBXTargetDependency;
			target = C4B837641C3378EE00646797 /* Tipper */;
			targetProxy = C4B8377A1C3378EE00646797 /* PBXContainerItemProxy */;
		};
		C4B837861C3378EE00646797 /* PBXTargetDependency */ = {
			isa = PBXTargetDependency;
			target = C4B837641C3378EE00646797 /* Tipper */;
			targetProxy = C4B837851C3378EE00646797 /* PBXContainerItemProxy */;
		};
/* End PBXTargetDependency section */

/* Begin PBXVariantGroup section */
		C4B8376C1C3378EE00646797 /* Main.storyboard */ = {
			isa = PBXVariantGroup;
			children = (
				C4B8376D1C3378EE00646797 /* Base */,
			);
			name = Main.storyboard;
			sourceTree = "<group>";
		};
		C4B837711C3378EE00646797 /* LaunchScreen.storyboard */ = {
			isa = PBXVariantGroup;
			children = (
				C4B837721C3378EE00646797 /* Base */,
			);
			name = LaunchScreen.storyboard;
			sourceTree = "<group>";
		};
/* End PBXVariantGroup section */

/* Begin XCBuildConfiguration section */
		C4B8378B1C3378EE00646797 /* Debug */ = {
			isa = XCBuildConfiguration;
			buildSettings = {
				ALWAYS_SEARCH_USER_PATHS = NO;
				CLANG_CXX_LANGUAGE_STANDARD = "gnu++0x";
				CLANG_CXX_LIBRARY = "libc++";
				CLANG_ENABLE_MODULES = YES;
				CLANG_ENABLE_OBJC_ARC = YES;
				CLANG_WARN_BOOL_CONVERSION = YES;
				CLANG_WARN_CONSTANT_CONVERSION = YES;
				CLANG_WARN_DIRECT_OBJC_ISA_USAGE = YES_ERROR;
				CLANG_WARN_EMPTY_BODY = YES;
				CLANG_WARN_ENUM_CONVERSION = YES;
				CLANG_WARN_INT_CONVERSION = YES;
				CLANG_WARN_OBJC_ROOT_CLASS = YES_ERROR;
				CLANG_WARN_UNREACHABLE_CODE = YES;
				CLANG_WARN__DUPLICATE_METHOD_MATCH = YES;
				"CODE_SIGN_IDENTITY[sdk=iphoneos*]" = "iPhone Developer";
				COPY_PHASE_STRIP = NO;
				DEBUG_INFORMATION_FORMAT = dwarf;
				ENABLE_STRICT_OBJC_MSGSEND = YES;
				ENABLE_TESTABILITY = YES;
				GCC_C_LANGUAGE_STANDARD = gnu99;
				GCC_DYNAMIC_NO_PIC = NO;
				GCC_NO_COMMON_BLOCKS = YES;
				GCC_OPTIMIZATION_LEVEL = 0;
				GCC_PREPROCESSOR_DEFINITIONS = (
					"DEBUG=1",
					"$(inherited)",
				);
				GCC_WARN_64_TO_32_BIT_CONVERSION = YES;
				GCC_WARN_ABOUT_RETURN_TYPE = YES_ERROR;
				GCC_WARN_UNDECLARED_SELECTOR = YES;
				GCC_WARN_UNINITIALIZED_AUTOS = YES_AGGRESSIVE;
				GCC_WARN_UNUSED_FUNCTION = YES;
				GCC_WARN_UNUSED_VARIABLE = YES;
				IPHONEOS_DEPLOYMENT_TARGET = 9.2;
				MTL_ENABLE_DEBUG_INFO = YES;
				ONLY_ACTIVE_ARCH = YES;
				SDKROOT = iphoneos;
				SWIFT_OPTIMIZATION_LEVEL = "-Onone";
			};
			name = Debug;
		};
		C4B8378C1C3378EE00646797 /* Release */ = {
			isa = XCBuildConfiguration;
			buildSettings = {
				ALWAYS_SEARCH_USER_PATHS = NO;
				CLANG_CXX_LANGUAGE_STANDARD = "gnu++0x";
				CLANG_CXX_LIBRARY = "libc++";
				CLANG_ENABLE_MODULES = YES;
				CLANG_ENABLE_OBJC_ARC = YES;
				CLANG_WARN_BOOL_CONVERSION = YES;
				CLANG_WARN_CONSTANT_CONVERSION = YES;
				CLANG_WARN_DIRECT_OBJC_ISA_USAGE = YES_ERROR;
				CLANG_WARN_EMPTY_BODY = YES;
				CLANG_WARN_ENUM_CONVERSION = YES;
				CLANG_WARN_INT_CONVERSION = YES;
				CLANG_WARN_OBJC_ROOT_CLASS = YES_ERROR;
				CLANG_WARN_UNREACHABLE_CODE = YES;
				CLANG_WARN__DUPLICATE_METHOD_MATCH = YES;
				"CODE_SIGN_IDENTITY[sdk=iphoneos*]" = "iPhone Developer";
				COPY_PHASE_STRIP = NO;
				DEBUG_INFORMATION_FORMAT = "dwarf-with-dsym";
				ENABLE_NS_ASSERTIONS = NO;
				ENABLE_STRICT_OBJC_MSGSEND = YES;
				GCC_C_LANGUAGE_STANDARD = gnu99;
				GCC_NO_COMMON_BLOCKS = YES;
				GCC_WARN_64_TO_32_BIT_CONVERSION = YES;
				GCC_WARN_ABOUT_RETURN_TYPE = YES_ERROR;
				GCC_WARN_UNDECLARED_SELECTOR = YES;
				GCC_WARN_UNINITIALIZED_AUTOS = YES_AGGRESSIVE;
				GCC_WARN_UNUSED_FUNCTION = YES;
				GCC_WARN_UNUSED_VARIABLE = YES;
				IPHONEOS_DEPLOYMENT_TARGET = 9.2;
				MTL_ENABLE_DEBUG_INFO = NO;
				SDKROOT = iphoneos;
				VALIDATE_PRODUCT = YES;
			};
			name = Release;
		};
		C4B8378E1C3378EE00646797 /* Debug */ = {
			isa = XCBuildConfiguration;
			buildSettings = {
				ASSETCATALOG_COMPILER_APPICON_NAME = AppIcon;
				INFOPLIST_FILE = Tipper/Info.plist;
				LD_RUNPATH_SEARCH_PATHS = "$(inherited) @executable_path/Frameworks";
				PRODUCT_BUNDLE_IDENTIFIER = com.codepath.Tipper;
				PRODUCT_NAME = "$(TARGET_NAME)";
			};
			name = Debug;
		};
		C4B8378F1C3378EE00646797 /* Release */ = {
			isa = XCBuildConfiguration;
			buildSettings = {
				ASSETCATALOG_COMPILER_APPICON_NAME = AppIcon;
				INFOPLIST_FILE = Tipper/Info.plist;
				LD_RUNPATH_SEARCH_PATHS = "$(inherited) @executable_path/Frameworks";
				PRODUCT_BUNDLE_IDENTIFIER = com.codepath.Tipper;
				PRODUCT_NAME = "$(TARGET_NAME)";
			};
			name = Release;
		};
		C4B837911C3378EE00646797 /* Debug */ = {
			isa = XCBuildConfiguration;
			buildSettings = {
				BUNDLE_LOADER = "$(TEST_HOST)";
				INFOPLIST_FILE = TipperTests/Info.plist;
				LD_RUNPATH_SEARCH_PATHS = "$(inherited) @executable_path/Frameworks @loader_path/Frameworks";
				PRODUCT_BUNDLE_IDENTIFIER = com.codepath.TipperTests;
				PRODUCT_NAME = "$(TARGET_NAME)";
				TEST_HOST = "$(BUILT_PRODUCTS_DIR)/Tipper.app/Tipper";
			};
			name = Debug;
		};
		C4B837921C3378EE00646797 /* Release */ = {
			isa = XCBuildConfiguration;
			buildSettings = {
				BUNDLE_LOADER = "$(TEST_HOST)";
				INFOPLIST_FILE = TipperTests/Info.plist;
				LD_RUNPATH_SEARCH_PATHS = "$(inherited) @executable_path/Frameworks @loader_path/Frameworks";
				PRODUCT_BUNDLE_IDENTIFIER = com.codepath.TipperTests;
				PRODUCT_NAME = "$(TARGET_NAME)";
				TEST_HOST = "$(BUILT_PRODUCTS_DIR)/Tipper.app/Tipper";
			};
			name = Release;
		};
		C4B837941C3378EE00646797 /* Debug */ = {
			isa = XCBuildConfiguration;
			buildSettings = {
				INFOPLIST_FILE = TipperUITests/Info.plist;
				LD_RUNPATH_SEARCH_PATHS = "$(inherited) @executable_path/Frameworks @loader_path/Frameworks";
				PRODUCT_BUNDLE_IDENTIFIER = com.codepath.TipperUITests;
				PRODUCT_NAME = "$(TARGET_NAME)";
				TEST_TARGET_NAME = Tipper;
				USES_XCTRUNNER = YES;
			};
			name = Debug;
		};
		C4B837951C3378EE00646797 /* Release */ = {
			isa = XCBuildConfiguration;
			buildSettings = {
				INFOPLIST_FILE = TipperUITests/Info.plist;
				LD_RUNPATH_SEARCH_PATHS = "$(inherited) @executable_path/Frameworks @loader_path/Frameworks";
				PRODUCT_BUNDLE_IDENTIFIER = com.codepath.TipperUITests;
				PRODUCT_NAME = "$(TARGET_NAME)";
				TEST_TARGET_NAME = Tipper;
				USES_XCTRUNNER = YES;
			};
			name = Release;
		};
/* End XCBuildConfiguration section */

/* Begin XCConfigurationList section */
		C4B837601C3378EE00646797 /* Build configuration list for PBXProject "Tipper" */ = {
			isa = XCConfigurationList;
			buildConfigurations = (
				C4B8378B1C3378EE00646797 /* Debug */,
				C4B8378C1C3378EE00646797 /* Release */,
			);
			defaultConfigurationIsVisible = 0;
			defaultConfigurationName = Release;
		};
		C4B8378D1C3378EE00646797 /* Build configuration list for PBXNativeTarget "Tipper" */ = {
			isa = XCConfigurationList;
			buildConfigurations = (
				C4B8378E1C3378EE00646797 /* Debug */,
				C4B8378F1C3378EE00646797 /* Release */,
			);
			defaultConfigurationIsVisible = 0;
		};
		C4B837901C3378EE00646797 /* Build configuration list for PBXNativeTarget "TipperTests" */ = {
			isa = XCConfigurationList;
			buildConfigurations = (
				C4B837911C3378EE00646797 /* Debug */,
				C4B837921C3378EE00646797 /* Release */,
			);
			defaultConfigurationIsVisible = 0;
		};
		C4B837931C3378EE00646797 /* Build configuration list for PBXNativeTarget "TipperUITests" */ = {
			isa = XCConfigurationList;
			buildConfigurations = (
				C4B837941C3378EE00646797 /* Debug */,
				C4B837951C3378EE00646797 /* Release */,
			);
			defaultConfigurationIsVisible = 0;
		};
/* End XCConfigurationList section */
	};
	rootObject = C4B8375D1C3378EE00646797 /* Project object */;
}
